
Microsoft Visual Studio Solution File, Format Version 12.00
# Visual Studio Version 16
VisualStudioVersion = 16.0.30002.166
MinimumVisualStudioVersion = 10.0.40219.1
Project("{9A19103F-16F7-4668-BE54-9A1E7A4F7556}") = "TrashPickUp_Project", "TrashPickUp_Project\TrashPickUp_Project.csproj", "{191F834E-B207-4273-B05A-AF405E0BBCDF}"
EndProject
Global
	GlobalSection(SolutionConfigurationPlatforms) = preSolution
		Debug|Any CPU = Debug|Any CPU
		Release|Any CPU = Release|Any CPU
	EndGlobalSection
	GlobalSection(ProjectConfigurationPlatforms) = postSolution
		{191F834E-B207-4273-B05A-AF405E0BBCDF}.Debug|Any CPU.ActiveCfg = Debug|Any CPU
		{191F834E-B207-4273-B05A-AF405E0BBCDF}.Debug|Any CPU.Build.0 = Debug|Any CPU
		{191F834E-B207-4273-B05A-AF405E0BBCDF}.Release|Any CPU.ActiveCfg = Release|Any CPU
		{191F834E-B207-4273-B05A-AF405E0BBCDF}.Release|Any CPU.Build.0 = Release|Any CPU
	EndGlobalSection
	GlobalSection(SolutionProperties) = preSolution
		HideSolutionNode = FALSE
	EndGlobalSection
	GlobalSection(ExtensibilityGlobals) = postSolution
		SolutionGuid = {3AD9523F-A77D-4445-B056-555632428E43}
	EndGlobalSection
EndGlobal
